
Microsoft Visual Studio Solution File, Format Version 12.00
# Visual Studio Version 16
VisualStudioVersion = 16.0.810.11
MinimumVisualStudioVersion = 10.0.40219.1
Project("{FAE04EC0-301F-11D3-BF4B-00C04F79EFBC}") = "WebAppIOT", "WebAppIOT\WebAppIOT.csproj", "{F2CDFE3B-8BDB-494D-BB94-5C891A10F48E}"
EndProject
Global
	GlobalSection(SolutionConfigurationPlatforms) = preSolution
		Debug|Any CPU = Debug|Any CPU
		Release|Any CPU = Release|Any CPU
	EndGlobalSection
	GlobalSection(ProjectConfigurationPlatforms) = postSolution
		{F2CDFE3B-8BDB-494D-BB94-5C891A10F48E}.Debug|Any CPU.ActiveCfg = Debug|Any CPU
		{F2CDFE3B-8BDB-494D-BB94-5C891A10F48E}.Debug|Any CPU.Build.0 = Debug|Any CPU
		{F2CDFE3B-8BDB-494D-BB94-5C891A10F48E}.Release|Any CPU.ActiveCfg = Release|Any CPU
		{F2CDFE3B-8BDB-494D-BB94-5C891A10F48E}.Release|Any CPU.Build.0 = Release|Any CPU
	EndGlobalSection
	GlobalSection(SolutionProperties) = preSolution
		HideSolutionNode = FALSE
	EndGlobalSection
	GlobalSection(ExtensibilityGlobals) = postSolution
		SolutionGuid = {4662D10D-F019-406F-84EB-68EC7D64CFFF}
	EndGlobalSection
EndGlobal
